# This file was autogenerated by Stack.
# You should not edit this file by hand.
# For more information, please see the documentation at:
#   https://docs.haskellstack.org/en/stable/lock_files

packages:
- completed:
    commit: a8b0354328d0fbdf45ed71824cf8a38c2b73c263
    git: git@github.com:dariooddenino/yesod-job-queue
    name: yesod-job-queue
    pantry-tree:
      sha256: 1293a0e7f22e2cd2f2cd660160bce845949c39374db5ae9940f18520b1beabae
      size: 1255
    version: 0.4.0.0
  original:
    commit: a8b0354328d0fbdf45ed71824cf8a38c2b73c263
    git: git@github.com:dariooddenino/yesod-job-queue
snapshots:
- completed:
    sha256: e019cd29e3f7f9dbad500225829a3f7a50f73c674614f2f452e21bb8bf5d99ea
    size: 650253
    url: https://raw.githubusercontent.com/commercialhaskell/stackage-snapshots/master/lts/20/24.yaml
  original: lts-20.24
